
Microsoft Visual Studio Solution File, Format Version 12.00
# Visual Studio Version 16
VisualStudioVersion = 16.0.30011.22
MinimumVisualStudioVersion = 10.0.40219.1
Project("{9A19103F-16F7-4668-BE54-9A1E7A4F7556}") = "fnc_productodb", "fnc_productodb\fnc_productodb.csproj", "{A6B97DA6-A5DF-4692-B49A-B2DF2C70F42F}"
EndProject
Global
	GlobalSection(SolutionConfigurationPlatforms) = preSolution
		Debug|Any CPU = Debug|Any CPU
		Release|Any CPU = Release|Any CPU
	EndGlobalSection
	GlobalSection(ProjectConfigurationPlatforms) = postSolution
		{A6B97DA6-A5DF-4692-B49A-B2DF2C70F42F}.Debug|Any CPU.ActiveCfg = Debug|Any CPU
		{A6B97DA6-A5DF-4692-B49A-B2DF2C70F42F}.Debug|Any CPU.Build.0 = Debug|Any CPU
		{A6B97DA6-A5DF-4692-B49A-B2DF2C70F42F}.Release|Any CPU.ActiveCfg = Release|Any CPU
		{A6B97DA6-A5DF-4692-B49A-B2DF2C70F42F}.Release|Any CPU.Build.0 = Release|Any CPU
	EndGlobalSection
	GlobalSection(SolutionProperties) = preSolution
		HideSolutionNode = FALSE
	EndGlobalSection
	GlobalSection(ExtensibilityGlobals) = postSolution
		SolutionGuid = {A1646760-E87E-485C-A662-914ADA862ED3}
	EndGlobalSection
EndGlobal
